// !$*UTF8*$!
{
	archiveVersion = 1;
	classes = {
	};
	objectVersion = 50;
	objects = {

/* Begin PBXBuildFile section */
		605C19D224DBCFD1004C6849 /* AppDelegate.m in Sources */ = {isa = PBXBuildFile; fileRef = 605C19D124DBCFD1004C6849 /* AppDelegate.m */; };
		605C19D524DBCFD1004C6849 /* SceneDelegate.m in Sources */ = {isa = PBXBuildFile; fileRef = 605C19D424DBCFD1004C6849 /* SceneDelegate.m */; };
		605C19D824DBCFD1004C6849 /* ViewController.m in Sources */ = {isa = PBXBuildFile; fileRef = 605C19D724DBCFD1004C6849 /* ViewController.m */; };
		605C19DB24DBCFD1004C6849 /* Main.storyboard in Resources */ = {isa = PBXBuildFile; fileRef = 605C19D924DBCFD1004C6849 /* Main.storyboard */; };
		605C19DD24DBCFD4004C6849 /* Assets.xcassets in Resources */ = {isa = PBXBuildFile; fileRef = 605C19DC24DBCFD4004C6849 /* Assets.xcassets */; };
		605C19E024DBCFD4004C6849 /* LaunchScreen.storyboard in Resources */ = {isa = PBXBuildFile; fileRef = 605C19DE24DBCFD4004C6849 /* LaunchScreen.storyboard */; };
		605C19E324DBCFD4004C6849 /* main.m in Sources */ = {isa = PBXBuildFile; fileRef = 605C19E224DBCFD4004C6849 /* main.m */; };
		605C19ED24DBCFD4004C6849 /* SimSelectionScreenTests.m in Sources */ = {isa = PBXBuildFile; fileRef = 605C19EC24DBCFD4004C6849 /* SimSelectionScreenTests.m */; };
		605C19F824DBCFD4004C6849 /* SimSelectionScreenUITests.m in Sources */ = {isa = PBXBuildFile; fileRef = 605C19F724DBCFD4004C6849 /* SimSelectionScreenUITests.m */; };
		605C1A0624DBD740004C6849 /* checked.png in Resources */ = {isa = PBXBuildFile; fileRef = 605C1A0524DBD740004C6849 /* checked.png */; };
		605C1A0824DBD749004C6849 /* unchecked.png in Resources */ = {isa = PBXBuildFile; fileRef = 605C1A0724DBD749004C6849 /* unchecked.png */; };
/* End PBXBuildFile section */

/* Begin PBXContainerItemProxy section */
		605C19E924DBCFD4004C6849 /* PBXContainerItemProxy */ = {
			isa = PBXContainerItemProxy;
			containerPortal = 605C19C524DBCFD1004C6849 /* Project object */;
			proxyType = 1;
			remoteGlobalIDString = 605C19CC24DBCFD1004C6849;
			remoteInfo = SimSelectionScreen;
		};
		605C19F424DBCFD4004C6849 /* PBXContainerItemProxy */ = {
			isa = PBXContainerItemProxy;
			containerPortal = 605C19C524DBCFD1004C6849 /* Project object */;
			proxyType = 1;
			remoteGlobalIDString = 605C19CC24DBCFD1004C6849;
			remoteInfo = SimSelectionScreen;
		};
/* End PBXContainerItemProxy section */

/* Begin PBXFileReference section */
		605C19CD24DBCFD1004C6849 /* SimSelectionScreen.app */ = {isa = PBXFileReference; explicitFileType = wrapper.application; includeInIndex = 0; path = SimSelectionScreen.app; sourceTree = BUILT_PRODUCTS_DIR; };
		605C19D024DBCFD1004C6849 /* AppDelegate.h */ = {isa = PBXFileReference; lastKnownFileType = sourcecode.c.h; path = AppDelegate.h; sourceTree = "<group>"; };
		605C19D124DBCFD1004C6849 /* AppDelegate.m */ = {isa = PBXFileReference; lastKnownFileType = sourcecode.c.objc; path = AppDelegate.m; sourceTree = "<group>"; };
		605C19D324DBCFD1004C6849 /* SceneDelegate.h */ = {isa = PBXFileReference; lastKnownFileType = sourcecode.c.h; path = SceneDelegate.h; sourceTree = "<group>"; };
		605C19D424DBCFD1004C6849 /* SceneDelegate.m */ = {isa = PBXFileReference; lastKnownFileType = sourcecode.c.objc; path = SceneDelegate.m; sourceTree = "<group>"; };
		605C19D624DBCFD1004C6849 /* ViewController.h */ = {isa = PBXFileReference; lastKnownFileType = sourcecode.c.h; path = ViewController.h; sourceTree = "<group>"; };
		605C19D724DBCFD1004C6849 /* ViewController.m */ = {isa = PBXFileReference; lastKnownFileType = sourcecode.c.objc; path = ViewController.m; sourceTree = "<group>"; };
		605C19DA24DBCFD1004C6849 /* Base */ = {isa = PBXFileReference; lastKnownFileType = file.storyboard; name = Base; path = Base.lproj/Main.storyboard; sourceTree = "<group>"; };
		605C19DC24DBCFD4004C6849 /* Assets.xcassets */ = {isa = PBXFileReference; lastKnownFileType = folder.assetcatalog; path = Assets.xcassets; sourceTree = "<group>"; };
		605C19DF24DBCFD4004C6849 /* Base */ = {isa = PBXFileReference; lastKnownFileType = file.storyboard; name = Base; path = Base.lproj/LaunchScreen.storyboard; sourceTree = "<group>"; };
		605C19E124DBCFD4004C6849 /* Info.plist */ = {isa = PBXFileReference; lastKnownFileType = text.plist.xml; path = Info.plist; sourceTree = "<group>"; };
		605C19E224DBCFD4004C6849 /* main.m */ = {isa = PBXFileReference; lastKnownFileType = sourcecode.c.objc; path = main.m; sourceTree = "<group>"; };
		605C19E824DBCFD4004C6849 /* SimSelectionScreenTests.xctest */ = {isa = PBXFileReference; explicitFileType = wrapper.cfbundle; includeInIndex = 0; path = SimSelectionScreenTests.xctest; sourceTree = BUILT_PRODUCTS_DIR; };
		605C19EC24DBCFD4004C6849 /* SimSelectionScreenTests.m */ = {isa = PBXFileReference; lastKnownFileType = sourcecode.c.objc; path = SimSelectionScreenTests.m; sourceTree = "<group>"; };
		605C19EE24DBCFD4004C6849 /* Info.plist */ = {isa = PBXFileReference; lastKnownFileType = text.plist.xml; path = Info.plist; sourceTree = "<group>"; };
		605C19F324DBCFD4004C6849 /* SimSelectionScreenUITests.xctest */ = {isa = PBXFileReference; explicitFileType = wrapper.cfbundle; includeInIndex = 0; path = SimSelectionScreenUITests.xctest; sourceTree = BUILT_PRODUCTS_DIR; };
		605C19F724DBCFD4004C6849 /* SimSelectionScreenUITests.m */ = {isa = PBXFileReference; lastKnownFileType = sourcecode.c.objc; path = SimSelectionScreenUITests.m; sourceTree = "<group>"; };
		605C19F924DBCFD4004C6849 /* Info.plist */ = {isa = PBXFileReference; lastKnownFileType = text.plist.xml; path = Info.plist; sourceTree = "<group>"; };
		605C1A0524DBD740004C6849 /* checked.png */ = {isa = PBXFileReference; lastKnownFileType = image.png; path = checked.png; sourceTree = "<group>"; };
		605C1A0724DBD749004C6849 /* unchecked.png */ = {isa = PBXFileReference; lastKnownFileType = image.png; path = unchecked.png; sourceTree = "<group>"; };
/* End PBXFileReference section */

/* Begin PBXFrameworksBuildPhase section */
		605C19CA24DBCFD1004C6849 /* Frameworks */ = {
			isa = PBXFrameworksBuildPhase;
			buildActionMask = 2147483647;
			files = (
			);
			runOnlyForDeploymentPostprocessing = 0;
		};
		605C19E524DBCFD4004C6849 /* Frameworks */ = {
			isa = PBXFrameworksBuildPhase;
			buildActionMask = 2147483647;
			files = (
			);
			runOnlyForDeploymentPostprocessing = 0;
		};
		605C19F024DBCFD4004C6849 /* Frameworks */ = {
			isa = PBXFrameworksBuildPhase;
			buildActionMask = 2147483647;
			files = (
			);
			runOnlyForDeploymentPostprocessing = 0;
		};
/* End PBXFrameworksBuildPhase section */

/* Begin PBXGroup section */
		605C19C424DBCFD1004C6849 = {
			isa = PBXGroup;
			children = (
				605C19CF24DBCFD1004C6849 /* SimSelectionScreen */,
				605C19EB24DBCFD4004C6849 /* SimSelectionScreenTests */,
				605C19F624DBCFD4004C6849 /* SimSelectionScreenUITests */,
				605C19CE24DBCFD1004C6849 /* Products */,
			);
			sourceTree = "<group>";
		};
		605C19CE24DBCFD1004C6849 /* Products */ = {
			isa = PBXGroup;
			children = (
				605C19CD24DBCFD1004C6849 /* SimSelectionScreen.app */,
				605C19E824DBCFD4004C6849 /* SimSelectionScreenTests.xctest */,
				605C19F324DBCFD4004C6849 /* SimSelectionScreenUITests.xctest */,
			);
			name = Products;
			sourceTree = "<group>";
		};
		605C19CF24DBCFD1004C6849 /* SimSelectionScreen */ = {
			isa = PBXGroup;
			children = (
				605C19D024DBCFD1004C6849 /* AppDelegate.h */,
				605C19D124DBCFD1004C6849 /* AppDelegate.m */,
				605C19D324DBCFD1004C6849 /* SceneDelegate.h */,
				605C19D424DBCFD1004C6849 /* SceneDelegate.m */,
				605C19D624DBCFD1004C6849 /* ViewController.h */,
				605C19D724DBCFD1004C6849 /* ViewController.m */,
				605C1A0524DBD740004C6849 /* checked.png */,
				605C1A0724DBD749004C6849 /* unchecked.png */,
				605C19D924DBCFD1004C6849 /* Main.storyboard */,
				605C19DC24DBCFD4004C6849 /* Assets.xcassets */,
				605C19DE24DBCFD4004C6849 /* LaunchScreen.storyboard */,
				605C19E124DBCFD4004C6849 /* Info.plist */,
				605C19E224DBCFD4004C6849 /* main.m */,
			);
			path = SimSelectionScreen;
			sourceTree = "<group>";
		};
		605C19EB24DBCFD4004C6849 /* SimSelectionScreenTests */ = {
			isa = PBXGroup;
			children = (
				605C19EC24DBCFD4004C6849 /* SimSelectionScreenTests.m */,
				605C19EE24DBCFD4004C6849 /* Info.plist */,
			);
			path = SimSelectionScreenTests;
			sourceTree = "<group>";
		};
		605C19F624DBCFD4004C6849 /* SimSelectionScreenUITests */ = {
			isa = PBXGroup;
			children = (
				605C19F724DBCFD4004C6849 /* SimSelectionScreenUITests.m */,
				605C19F924DBCFD4004C6849 /* Info.plist */,
			);
			path = SimSelectionScreenUITests;
			sourceTree = "<group>";
		};
/* End PBXGroup section */

/* Begin PBXNativeTarget section */
		605C19CC24DBCFD1004C6849 /* SimSelectionScreen */ = {
			isa = PBXNativeTarget;
			buildConfigurationList = 605C19FC24DBCFD4004C6849 /* Build configuration list for PBXNativeTarget "SimSelectionScreen" */;
			buildPhases = (
				605C19C924DBCFD1004C6849 /* Sources */,
				605C19CA24DBCFD1004C6849 /* Frameworks */,
				605C19CB24DBCFD1004C6849 /* Resources */,
			);
			buildRules = (
			);
			dependencies = (
			);
			name = SimSelectionScreen;
			productName = SimSelectionScreen;
			productReference = 605C19CD24DBCFD1004C6849 /* SimSelectionScreen.app */;
			productType = "com.apple.product-type.application";
		};
		605C19E724DBCFD4004C6849 /* SimSelectionScreenTests */ = {
			isa = PBXNativeTarget;
			buildConfigurationList = 605C19FF24DBCFD4004C6849 /* Build configuration list for PBXNativeTarget "SimSelectionScreenTests" */;
			buildPhases = (
				605C19E424DBCFD4004C6849 /* Sources */,
				605C19E524DBCFD4004C6849 /* Frameworks */,
				605C19E624DBCFD4004C6849 /* Resources */,
			);
			buildRules = (
			);
			dependencies = (
				605C19EA24DBCFD4004C6849 /* PBXTargetDependency */,
			);
			name = SimSelectionScreenTests;
			productName = SimSelectionScreenTests;
			productReference = 605C19E824DBCFD4004C6849 /* SimSelectionScreenTests.xctest */;
			productType = "com.apple.product-type.bundle.unit-test";
		};
		605C19F224DBCFD4004C6849 /* SimSelectionScreenUITests */ = {
			isa = PBXNativeTarget;
			buildConfigurationList = 605C1A0224DBCFD4004C6849 /* Build configuration list for PBXNativeTarget "SimSelectionScreenUITests" */;
			buildPhases = (
				605C19EF24DBCFD4004C6849 /* Sources */,
				605C19F024DBCFD4004C6849 /* Frameworks */,
				605C19F124DBCFD4004C6849 /* Resources */,
			);
			buildRules = (
			);
			dependencies = (
				605C19F524DBCFD4004C6849 /* PBXTargetDependency */,
			);
			name = SimSelectionScreenUITests;
			productName = SimSelectionScreenUITests;
			productReference = 605C19F324DBCFD4004C6849 /* SimSelectionScreenUITests.xctest */;
			productType = "com.apple.product-type.bundle.ui-testing";
		};
/* End PBXNativeTarget section */

/* Begin PBXProject section */
		605C19C524DBCFD1004C6849 /* Project object */ = {
			isa = PBXProject;
			attributes = {
				LastUpgradeCheck = 1120;
				ORGANIZATIONNAME = Abbie;
				TargetAttributes = {
					605C19CC24DBCFD1004C6849 = {
						CreatedOnToolsVersion = 11.2.1;
					};
					605C19E724DBCFD4004C6849 = {
						CreatedOnToolsVersion = 11.2.1;
						TestTargetID = 605C19CC24DBCFD1004C6849;
					};
					605C19F224DBCFD4004C6849 = {
						CreatedOnToolsVersion = 11.2.1;
						TestTargetID = 605C19CC24DBCFD1004C6849;
					};
				};
			};
			buildConfigurationList = 605C19C824DBCFD1004C6849 /* Build configuration list for PBXProject "SimSelectionScreen" */;
			compatibilityVersion = "Xcode 9.3";
			developmentRegion = en;
			hasScannedForEncodings = 0;
			knownRegions = (
				en,
				Base,
			);
			mainGroup = 605C19C424DBCFD1004C6849;
			productRefGroup = 605C19CE24DBCFD1004C6849 /* Products */;
			projectDirPath = "";
			projectRoot = "";
			targets = (
				605C19CC24DBCFD1004C6849 /* SimSelectionScreen */,
				605C19E724DBCFD4004C6849 /* SimSelectionScreenTests */,
				605C19F224DBCFD4004C6849 /* SimSelectionScreenUITests */,
			);
		};
/* End PBXProject section */

/* Begin PBXResourcesBuildPhase section */
		605C19CB24DBCFD1004C6849 /* Resources */ = {
			isa = PBXResourcesBuildPhase;
			buildActionMask = 2147483647;
			files = (
				605C19E024DBCFD4004C6849 /* LaunchScreen.storyboard in Resources */,
				605C1A0624DBD740004C6849 /* checked.png in Resources */,
				605C19DD24DBCFD4004C6849 /* Assets.xcassets in Resources */,
				605C19DB24DBCFD1004C6849 /* Main.storyboard in Resources */,
				605C1A0824DBD749004C6849 /* unchecked.png in Resources */,
			);
			runOnlyForDeploymentPostprocessing = 0;
		};
		605C19E624DBCFD4004C6849 /* Resources */ = {
			isa = PBXResourcesBuildPhase;
			buildActionMask = 2147483647;
			files = (
			);
			runOnlyForDeploymentPostprocessing = 0;
		};
		605C19F124DBCFD4004C6849 /* Resources */ = {
			isa = PBXResourcesBuildPhase;
			buildActionMask = 2147483647;
			files = (
			);
			runOnlyForDeploymentPostprocessing = 0;
		};
/* End PBXResourcesBuildPhase section */

/* Begin PBXSourcesBuildPhase section */
		605C19C924DBCFD1004C6849 /* Sources */ = {
			isa = PBXSourcesBuildPhase;
			buildActionMask = 2147483647;
			files = (
				605C19D824DBCFD1004C6849 /* ViewController.m in Sources */,
				605C19D224DBCFD1004C6849 /* AppDelegate.m in Sources */,
				605C19E324DBCFD4004C6849 /* main.m in Sources */,
				605C19D524DBCFD1004C6849 /* SceneDelegate.m in Sources */,
			);
			runOnlyForDeploymentPostprocessing = 0;
		};
		605C19E424DBCFD4004C6849 /* Sources */ = {
			isa = PBXSourcesBuildPhase;
			buildActionMask = 2147483647;
			files = (
				605C19ED24DBCFD4004C6849 /* SimSelectionScreenTests.m in Sources */,
			);
			runOnlyForDeploymentPostprocessing = 0;
		};
		605C19EF24DBCFD4004C6849 /* Sources */ = {
			isa = PBXSourcesBuildPhase;
			buildActionMask = 2147483647;
			files = (
				605C19F824DBCFD4004C6849 /* SimSelectionScreenUITests.m in Sources */,
			);
			runOnlyForDeploymentPostprocessing = 0;
		};
/* End PBXSourcesBuildPhase section */

/* Begin PBXTargetDependency section */
		605C19EA24DBCFD4004C6849 /* PBXTargetDependency */ = {
			isa = PBXTargetDependency;
			target = 605C19CC24DBCFD1004C6849 /* SimSelectionScreen */;
			targetProxy = 605C19E924DBCFD4004C6849 /* PBXContainerItemProxy */;
		};
		605C19F524DBCFD4004C6849 /* PBXTargetDependency */ = {
			isa = PBXTargetDependency;
			target = 605C19CC24DBCFD1004C6849 /* SimSelectionScreen */;
			targetProxy = 605C19F424DBCFD4004C6849 /* PBXContainerItemProxy */;
		};
/* End PBXTargetDependency section */

/* Begin PBXVariantGroup section */
		605C19D924DBCFD1004C6849 /* Main.storyboard */ = {
			isa = PBXVariantGroup;
			children = (
				605C19DA24DBCFD1004C6849 /* Base */,
			);
			name = Main.storyboard;
			sourceTree = "<group>";
		};
		605C19DE24DBCFD4004C6849 /* LaunchScreen.storyboard */ = {
			isa = PBXVariantGroup;
			children = (
				605C19DF24DBCFD4004C6849 /* Base */,
			);
			name = LaunchScreen.storyboard;
			sourceTree = "<group>";
		};
/* End PBXVariantGroup section */

/* Begin XCBuildConfiguration section */
		605C19FA24DBCFD4004C6849 /* Debug */ = {
			isa = XCBuildConfiguration;
			buildSettings = {
				ALWAYS_SEARCH_USER_PATHS = NO;
				CLANG_ANALYZER_NONNULL = YES;
				CLANG_ANALYZER_NUMBER_OBJECT_CONVERSION = YES_AGGRESSIVE;
				CLANG_CXX_LANGUAGE_STANDARD = "gnu++14";
				CLANG_CXX_LIBRARY = "libc++";
				CLANG_ENABLE_MODULES = YES;
				CLANG_ENABLE_OBJC_ARC = YES;
				CLANG_ENABLE_OBJC_WEAK = YES;
				CLANG_WARN_BLOCK_CAPTURE_AUTORELEASING = YES;
				CLANG_WARN_BOOL_CONVERSION = YES;
				CLANG_WARN_COMMA = YES;
				CLANG_WARN_CONSTANT_CONVERSION = YES;
				CLANG_WARN_DEPRECATED_OBJC_IMPLEMENTATIONS = YES;
				CLANG_WARN_DIRECT_OBJC_ISA_USAGE = YES_ERROR;
				CLANG_WARN_DOCUMENTATION_COMMENTS = YES;
				CLANG_WARN_EMPTY_BODY = YES;
				CLANG_WARN_ENUM_CONVERSION = YES;
				CLANG_WARN_INFINITE_RECURSION = YES;
				CLANG_WARN_INT_CONVERSION = YES;
				CLANG_WARN_NON_LITERAL_NULL_CONVERSION = YES;
				CLANG_WARN_OBJC_IMPLICIT_RETAIN_SELF = YES;
				CLANG_WARN_OBJC_LITERAL_CONVERSION = YES;
				CLANG_WARN_OBJC_ROOT_CLASS = YES_ERROR;
				CLANG_WARN_RANGE_LOOP_ANALYSIS = YES;
				CLANG_WARN_STRICT_PROTOTYPES = YES;
				CLANG_WARN_SUSPICIOUS_MOVE = YES;
				CLANG_WARN_UNGUARDED_AVAILABILITY = YES_AGGRESSIVE;
				CLANG_WARN_UNREACHABLE_CODE = YES;
				CLANG_WARN__DUPLICATE_METHOD_MATCH = YES;
				COPY_PHASE_STRIP = NO;
				DEBUG_INFORMATION_FORMAT = dwarf;
				ENABLE_STRICT_OBJC_MSGSEND = YES;
				ENABLE_TESTABILITY = YES;
				GCC_C_LANGUAGE_STANDARD = gnu11;
				GCC_DYNAMIC_NO_PIC = NO;
				GCC_NO_COMMON_BLOCKS = YES;
				GCC_OPTIMIZATION_LEVEL = 0;
				GCC_PREPROCESSOR_DEFINITIONS = (
					"DEBUG=1",
					"$(inherited)",
				);
				GCC_WARN_64_TO_32_BIT_CONVERSION = YES;
				GCC_WARN_ABOUT_RETURN_TYPE = YES_ERROR;
				GCC_WARN_UNDECLARED_SELECTOR = YES;
				GCC_WARN_UNINITIALIZED_AUTOS = YES_AGGRESSIVE;
				GCC_WARN_UNUSED_FUNCTION = YES;
				GCC_WARN_UNUSED_VARIABLE = YES;
				IPHONEOS_DEPLOYMENT_TARGET = 12.3;
				MTL_ENABLE_DEBUG_INFO = INCLUDE_SOURCE;
				MTL_FAST_MATH = YES;
				ONLY_ACTIVE_ARCH = YES;
				SDKROOT = iphoneos;
			};
			name = Debug;
		};
		605C19FB24DBCFD4004C6849 /* Release */ = {
			isa = XCBuildConfiguration;
			buildSettings = {
				ALWAYS_SEARCH_USER_PATHS = NO;
				CLANG_ANALYZER_NONNULL = YES;
				CLANG_ANALYZER_NUMBER_OBJECT_CONVERSION = YES_AGGRESSIVE;
				CLANG_CXX_LANGUAGE_STANDARD = "gnu++14";
				CLANG_CXX_LIBRARY = "libc++";
				CLANG_ENABLE_MODULES = YES;
				CLANG_ENABLE_OBJC_ARC = YES;
				CLANG_ENABLE_OBJC_WEAK = YES;
				CLANG_WARN_BLOCK_CAPTURE_AUTORELEASING = YES;
				CLANG_WARN_BOOL_CONVERSION = YES;
				CLANG_WARN_COMMA = YES;
				CLANG_WARN_CONSTANT_CONVERSION = YES;
				CLANG_WARN_DEPRECATED_OBJC_IMPLEMENTATIONS = YES;
				CLANG_WARN_DIRECT_OBJC_ISA_USAGE = YES_ERROR;
				CLANG_WARN_DOCUMENTATION_COMMENTS = YES;
				CLANG_WARN_EMPTY_BODY = YES;
				CLANG_WARN_ENUM_CONVERSION = YES;
				CLANG_WARN_INFINITE_RECURSION = YES;
				CLANG_WARN_INT_CONVERSION = YES;
				CLANG_WARN_NON_LITERAL_NULL_CONVERSION = YES;
				CLANG_WARN_OBJC_IMPLICIT_RETAIN_SELF = YES;
				CLANG_WARN_OBJC_LITERAL_CONVERSION = YES;
				CLANG_WARN_OBJC_ROOT_CLASS = YES_ERROR;
				CLANG_WARN_RANGE_LOOP_ANALYSIS = YES;
				CLANG_WARN_STRICT_PROTOTYPES = YES;
				CLANG_WARN_SUSPICIOUS_MOVE = YES;
				CLANG_WARN_UNGUARDED_AVAILABILITY = YES_AGGRESSIVE;
				CLANG_WARN_UNREACHABLE_CODE = YES;
				CLANG_WARN__DUPLICATE_METHOD_MATCH = YES;
				COPY_PHASE_STRIP = NO;
				DEBUG_INFORMATION_FORMAT = "dwarf-with-dsym";
				ENABLE_NS_ASSERTIONS = NO;
				ENABLE_STRICT_OBJC_MSGSEND = YES;
				GCC_C_LANGUAGE_STANDARD = gnu11;
				GCC_NO_COMMON_BLOCKS = YES;
				GCC_WARN_64_TO_32_BIT_CONVERSION = YES;
				GCC_WARN_ABOUT_RETURN_TYPE = YES_ERROR;
				GCC_WARN_UNDECLARED_SELECTOR = YES;
				GCC_WARN_UNINITIALIZED_AUTOS = YES_AGGRESSIVE;
				GCC_WARN_UNUSED_FUNCTION = YES;
				GCC_WARN_UNUSED_VARIABLE = YES;
				IPHONEOS_DEPLOYMENT_TARGET = 12.3;
				MTL_ENABLE_DEBUG_INFO = NO;
				MTL_FAST_MATH = YES;
				SDKROOT = iphoneos;
				VALIDATE_PRODUCT = YES;
			};
			name = Release;
		};
		605C19FD24DBCFD4004C6849 /* Debug */ = {
			isa = XCBuildConfiguration;
			buildSettings = {
				ASSETCATALOG_COMPILER_APPICON_NAME = AppIcon;
				CODE_SIGN_STYLE = Automatic;
				DEVELOPMENT_TEAM = P7KR8D5MT4;
				INFOPLIST_FILE = SimSelectionScreen/Info.plist;
				LD_RUNPATH_SEARCH_PATHS = (
					"$(inherited)",
					"@executable_path/Frameworks",
				);
				PRODUCT_BUNDLE_IDENTIFIER = com.simmessage.objC.SimSelectionScreen;
				PRODUCT_NAME = "$(TARGET_NAME)";
				TARGETED_DEVICE_FAMILY = "1,2";
			};
			name = Debug;
		};
		605C19FE24DBCFD4004C6849 /* Release */ = {
			isa = XCBuildConfiguration;
			buildSettings = {
				ASSETCATALOG_COMPILER_APPICON_NAME = AppIcon;
				CODE_SIGN_STYLE = Automatic;
				DEVELOPMENT_TEAM = P7KR8D5MT4;
				INFOPLIST_FILE = SimSelectionScreen/Info.plist;
				LD_RUNPATH_SEARCH_PATHS = (
					"$(inherited)",
					"@executable_path/Frameworks",
				);
				PRODUCT_BUNDLE_IDENTIFIER = com.simmessage.objC.SimSelectionScreen;
				PRODUCT_NAME = "$(TARGET_NAME)";
				TARGETED_DEVICE_FAMILY = "1,2";
			};
			name = Release;
		};
		605C1A0024DBCFD4004C6849 /* Debug */ = {
			isa = XCBuildConfiguration;
			buildSettings = {
				BUNDLE_LOADER = "$(TEST_HOST)";
				CODE_SIGN_STYLE = Automatic;
				INFOPLIST_FILE = SimSelectionScreenTests/Info.plist;
				IPHONEOS_DEPLOYMENT_TARGET = 13.2;
				LD_RUNPATH_SEARCH_PATHS = (
					"$(inherited)",
					"@executable_path/Frameworks",
					"@loader_path/Frameworks",
				);
				PRODUCT_BUNDLE_IDENTIFIER = com.simmessage.objC.SimSelectionScreenTests;
				PRODUCT_NAME = "$(TARGET_NAME)";
				TARGETED_DEVICE_FAMILY = "1,2";
				TEST_HOST = "$(BUILT_PRODUCTS_DIR)/SimSelectionScreen.app/SimSelectionScreen";
			};
			name = Debug;
		};
		605C1A0124DBCFD4004C6849 /* Release */ = {
			isa = XCBuildConfiguration;
			buildSettings = {
				BUNDLE_LOADER = "$(TEST_HOST)";
				CODE_SIGN_STYLE = Automatic;
				INFOPLIST_FILE = SimSelectionScreenTests/Info.plist;
				IPHONEOS_DEPLOYMENT_TARGET = 13.2;
				LD_RUNPATH_SEARCH_PATHS = (
					"$(inherited)",
					"@executable_path/Frameworks",
					"@loader_path/Frameworks",
				);
				PRODUCT_BUNDLE_IDENTIFIER = com.simmessage.objC.SimSelectionScreenTests;
				PRODUCT_NAME = "$(TARGET_NAME)";
				TARGETED_DEVICE_FAMILY = "1,2";
				TEST_HOST = "$(BUILT_PRODUCTS_DIR)/SimSelectionScreen.app/SimSelectionScreen";
			};
			name = Release;
		};
		605C1A0324DBCFD4004C6849 /* Debug */ = {
			isa = XCBuildConfiguration;
			buildSettings = {
				CODE_SIGN_STYLE = Automatic;
				INFOPLIST_FILE = SimSelectionScreenUITests/Info.plist;
				LD_RUNPATH_SEARCH_PATHS = (
					"$(inherited)",
					"@executable_path/Frameworks",
					"@loader_path/Frameworks",
				);
				PRODUCT_BUNDLE_IDENTIFIER = com.simmessage.objC.SimSelectionScreenUITests;
				PRODUCT_NAME = "$(TARGET_NAME)";
				TARGETED_DEVICE_FAMILY = "1,2";
				TEST_TARGET_NAME = SimSelectionScreen;
			};
			name = Debug;
		};
		605C1A0424DBCFD4004C6849 /* Release */ = {
			isa = XCBuildConfiguration;
			buildSettings = {
				CODE_SIGN_STYLE = Automatic;
				INFOPLIST_FILE = SimSelectionScreenUITests/Info.plist;
				LD_RUNPATH_SEARCH_PATHS = (
					"$(inherited)",
					"@executable_path/Frameworks",
					"@loader_path/Frameworks",
				);
				PRODUCT_BUNDLE_IDENTIFIER = com.simmessage.objC.SimSelectionScreenUITests;
				PRODUCT_NAME = "$(TARGET_NAME)";
				TARGETED_DEVICE_FAMILY = "1,2";
				TEST_TARGET_NAME = SimSelectionScreen;
			};
			name = Release;
		};
/* End XCBuildConfiguration section */

/* Begin XCConfigurationList section */
		605C19C824DBCFD1004C6849 /* Build configuration list for PBXProject "SimSelectionScreen" */ = {
			isa = XCConfigurationList;
			buildConfigurations = (
				605C19FA24DBCFD4004C6849 /* Debug */,
				605C19FB24DBCFD4004C6849 /* Release */,
			);
			defaultConfigurationIsVisible = 0;
			defaultConfigurationName = Release;
		};
		605C19FC24DBCFD4004C6849 /* Build configuration list for PBXNativeTarget "SimSelectionScreen" */ = {
			isa = XCConfigurationList;
			buildConfigurations = (
				605C19FD24DBCFD4004C6849 /* Debug */,
				605C19FE24DBCFD4004C6849 /* Release */,
			);
			defaultConfigurationIsVisible = 0;
			defaultConfigurationName = Release;
		};
		605C19FF24DBCFD4004C6849 /* Build configuration list for PBXNativeTarget "SimSelectionScreenTests" */ = {
			isa = XCConfigurationList;
			buildConfigurations = (
				605C1A0024DBCFD4004C6849 /* Debug */,
				605C1A0124DBCFD4004C6849 /* Release */,
			);
			defaultConfigurationIsVisible = 0;
			defaultConfigurationName = Release;
		};
		605C1A0224DBCFD4004C6849 /* Build configuration list for PBXNativeTarget "SimSelectionScreenUITests" */ = {
			isa = XCConfigurationList;
			buildConfigurations = (
				605C1A0324DBCFD4004C6849 /* Debug */,
				605C1A0424DBCFD4004C6849 /* Release */,
			);
			defaultConfigurationIsVisible = 0;
			defaultConfigurationName = Release;
		};
/* End XCConfigurationList section */
	};
	rootObject = 605C19C524DBCFD1004C6849 /* Project object */;
}
